
Microsoft Visual Studio Solution File, Format Version 12.00
# Visual Studio Version 16
VisualStudioVersion = 16.0.29306.81
MinimumVisualStudioVersion = 10.0.40219.1
Project("{FAE04EC0-301F-11D3-BF4B-00C04F79EFBC}") = "Lab_6", "Lab_6\Lab_6.csproj", "{C76EE50D-8044-4679-B117-C8CA4A439BD0}"
EndProject
Global
	GlobalSection(SolutionConfigurationPlatforms) = preSolution
		Debug|Any CPU = Debug|Any CPU
		Release|Any CPU = Release|Any CPU
	EndGlobalSection
	GlobalSection(ProjectConfigurationPlatforms) = postSolution
		{C76EE50D-8044-4679-B117-C8CA4A439BD0}.Debug|Any CPU.ActiveCfg = Debug|Any CPU
		{C76EE50D-8044-4679-B117-C8CA4A439BD0}.Debug|Any CPU.Build.0 = Debug|Any CPU
		{C76EE50D-8044-4679-B117-C8CA4A439BD0}.Release|Any CPU.ActiveCfg = Release|Any CPU
		{C76EE50D-8044-4679-B117-C8CA4A439BD0}.Release|Any CPU.Build.0 = Release|Any CPU
	EndGlobalSection
	GlobalSection(SolutionProperties) = preSolution
		HideSolutionNode = FALSE
	EndGlobalSection
	GlobalSection(ExtensibilityGlobals) = postSolution
		SolutionGuid = {1B75F554-7671-4669-95CD-EEE4DECBBF3D}
	EndGlobalSection
EndGlobal
